
Microsoft Visual Studio Solution File, Format Version 12.00
# Visual Studio Version 17
VisualStudioVersion = 17.10.35004.147
MinimumVisualStudioVersion = 10.0.40219.1
Project("{FAE04EC0-301F-11D3-BF4B-00C04F79EFBC}") = "Examen1", "Examen1\Examen1.csproj", "{65771C4B-4EF3-4A22-9B4D-7256C4257E27}"
EndProject
Global
	GlobalSection(SolutionConfigurationPlatforms) = preSolution
		Debug|Any CPU = Debug|Any CPU
		Release|Any CPU = Release|Any CPU
	EndGlobalSection
	GlobalSection(ProjectConfigurationPlatforms) = postSolution
		{65771C4B-4EF3-4A22-9B4D-7256C4257E27}.Debug|Any CPU.ActiveCfg = Debug|Any CPU
		{65771C4B-4EF3-4A22-9B4D-7256C4257E27}.Debug|Any CPU.Build.0 = Debug|Any CPU
		{65771C4B-4EF3-4A22-9B4D-7256C4257E27}.Release|Any CPU.ActiveCfg = Release|Any CPU
		{65771C4B-4EF3-4A22-9B4D-7256C4257E27}.Release|Any CPU.Build.0 = Release|Any CPU
	EndGlobalSection
	GlobalSection(SolutionProperties) = preSolution
		HideSolutionNode = FALSE
	EndGlobalSection
	GlobalSection(ExtensibilityGlobals) = postSolution
		SolutionGuid = {CE04AEE2-D03F-4FAC-B4E4-DFDCF61AD29E}
	EndGlobalSection
EndGlobal
